schema: '2.0'
stages:
  pipeline:
    cmd: python -m src.pipeline
    deps:
    - path: data/raw/ai4i2020.csv
      hash: md5
      md5: f0adaa9c5e25366c6df1cc2684479871
      size: 522048
    - path: src/clean.py
      hash: md5
      md5: 1322b3c9f43f89a811b7e85bad6834d1
      size: 4183
    - path: src/ingest.py
      hash: md5
      md5: 7ff5ae29108a41b036d52b308e2c67cf
      size: 2063
    - path: src/pipeline.py
      hash: md5
      md5: ac72956c562bc283d067e12addfa37bb
      size: 2730
    - path: src/profile.py
      hash: md5
      md5: 669d4ed166d2a3311afdaac828eaeefc
      size: 2709
    - path: src/schema.py
      hash: md5
      md5: c4cccd0127696c90fce961aea25d0a9f
      size: 1753
    - path: src/validate.py
      hash: md5
      md5: 063dacbd0b19942b97e917d1361dbb65
      size: 2121
    outs:
    - path: data/processed/cleaned.csv
      hash: md5
      md5: a95ce0898dba3421f0746ce57f326176
      size: 513908
    - path: reports/clean_report.json
      hash: md5
      md5: 119c8d25a730f00e4877032c16aab421
      size: 902
    - path: reports/profile_report.md
      hash: md5
      md5: 3b25e5bf2cae37e5f9131cc86454cbd5
      size: 2028
    - path: reports/validation_report.md
      hash: md5
      md5: bb52d0def26e95b48d91753322435e1f
      size: 279
