schema: '2.0'
stages:
  train:
    cmd: python -m src.train
    deps:
    - path: ../task-1/data/processed/cleaned.csv
      hash: md5
      md5: a95ce0898dba3421f0746ce57f326176
      size: 513908
    - path: src/evaluate.py
      hash: md5
      md5: ee66686876ed8e20474b5e31e143cb02
      size: 6280
    - path: src/load_data.py
      hash: md5
      md5: 327bd77378b8e10d58389b168fb682a4
      size: 3813
    - path: src/pipeline.py
      hash: md5
      md5: 9cc05b9239b8f2d34d8f8283bb31363a
      size: 2334
    - path: src/train.py
      hash: md5
      md5: 1f7fefb2e665e03032e52851281b9375
      size: 5182
    outs:
    - path: models/model.joblib
      hash: md5
      md5: c094b3308f0454b5a3ef636d6464d3f9
      size: 17521939
    - path: reports/evaluation_report.md
      hash: md5
      md5: e7e086a5be9e6d1e08d4964767e5cfab
      size: 2197
    - path: reports/metrics.json
      hash: md5
      md5: 829f05f4034b14a15d22c28387c3453a
      size: 973
