schema: '2.0'
stages:
  train:
    cmd: python -m src.train
    deps:
    - path: ../day-01/data/processed/cleaned.csv
      hash: md5
      md5: a95ce0898dba3421f0746ce57f326176
      size: 513908
    - path: src/evaluate.py
      hash: md5
      md5: 5b89cda62d97057adbbf857c0f861a05
      size: 6278
    - path: src/load_data.py
      hash: md5
      md5: b1bbe9c1676904150612a901f09d7af7
      size: 3807
    - path: src/pipeline.py
      hash: md5
      md5: f8a16754188f47fe67fc3c0c1a811e20
      size: 2333
    - path: src/train.py
      hash: md5
      md5: 8767c42fc825a6a79a90ae6676ca3411
      size: 5180
    outs:
    - path: models/model.joblib
      hash: md5
      md5: aeb4022d09cb055777caf5d7aaf221f0
      size: 17521939
    - path: reports/evaluation_report.md
      hash: md5
      md5: a22b572d2f1039821426d94f38419a81
      size: 2196
    - path: reports/metrics.json
      hash: md5
      md5: 829f05f4034b14a15d22c28387c3453a
      size: 973
